// !$*UTF8*$!
{
	archiveVersion = 1;
	classes = {
	};
	objectVersion = 50;
	objects = {

/* Begin PBXBuildFile section */
		DADC104F24BEE35400373294 /* Demo-WatchOS WatchKit App.app in Embed Watch Content */ = {isa = PBXBuildFile; fileRef = DADC104E24BEE35400373294 /* Demo-WatchOS WatchKit App.app */; settings = {ATTRIBUTES = (RemoveHeadersOnCopy, ); }; };
		DADC105524BEE35400373294 /* Interface.storyboard in Resources */ = {isa = PBXBuildFile; fileRef = DADC105324BEE35400373294 /* Interface.storyboard */; };
		DADC105724BEE35600373294 /* Assets.xcassets in Resources */ = {isa = PBXBuildFile; fileRef = DADC105624BEE35600373294 /* Assets.xcassets */; };
		DADC105E24BEE35700373294 /* Demo-WatchOS WatchKit Extension.appex in Embed App Extensions */ = {isa = PBXBuildFile; fileRef = DADC105D24BEE35700373294 /* Demo-WatchOS WatchKit Extension.appex */; settings = {ATTRIBUTES = (RemoveHeadersOnCopy, ); }; };
		DADC106324BEE35700373294 /* ContentView.swift in Sources */ = {isa = PBXBuildFile; fileRef = DADC106224BEE35700373294 /* ContentView.swift */; };
		DADC106524BEE35700373294 /* HostingController.swift in Sources */ = {isa = PBXBuildFile; fileRef = DADC106424BEE35700373294 /* HostingController.swift */; };
		DADC106724BEE35700373294 /* ExtensionDelegate.swift in Sources */ = {isa = PBXBuildFile; fileRef = DADC106624BEE35700373294 /* ExtensionDelegate.swift */; };
		DADC106924BEE35700373294 /* NotificationController.swift in Sources */ = {isa = PBXBuildFile; fileRef = DADC106824BEE35700373294 /* NotificationController.swift */; };
		DADC106B24BEE35700373294 /* NotificationView.swift in Sources */ = {isa = PBXBuildFile; fileRef = DADC106A24BEE35700373294 /* NotificationView.swift */; };
		DADC106D24BEE35800373294 /* Assets.xcassets in Resources */ = {isa = PBXBuildFile; fileRef = DADC106C24BEE35800373294 /* Assets.xcassets */; };
		DADC107024BEE35800373294 /* Preview Assets.xcassets in Resources */ = {isa = PBXBuildFile; fileRef = DADC106F24BEE35800373294 /* Preview Assets.xcassets */; };
/* End PBXBuildFile section */

/* Begin PBXContainerItemProxy section */
		DADC105024BEE35400373294 /* PBXContainerItemProxy */ = {
			isa = PBXContainerItemProxy;
			containerPortal = DADC104424BEE35400373294 /* Project object */;
			proxyType = 1;
			remoteGlobalIDString = DADC104D24BEE35400373294;
			remoteInfo = "Demo-WatchOS WatchKit App";
		};
		DADC105F24BEE35700373294 /* PBXContainerItemProxy */ = {
			isa = PBXContainerItemProxy;
			containerPortal = DADC104424BEE35400373294 /* Project object */;
			proxyType = 1;
			remoteGlobalIDString = DADC105C24BEE35700373294;
			remoteInfo = "Demo-WatchOS WatchKit Extension";
		};
/* End PBXContainerItemProxy section */

/* Begin PBXCopyFilesBuildPhase section */
		DADC107824BEE35800373294 /* Embed App Extensions */ = {
			isa = PBXCopyFilesBuildPhase;
			buildActionMask = 2147483647;
			dstPath = "";
			dstSubfolderSpec = 13;
			files = (
				DADC105E24BEE35700373294 /* Demo-WatchOS WatchKit Extension.appex in Embed App Extensions */,
			);
			name = "Embed App Extensions";
			runOnlyForDeploymentPostprocessing = 0;
		};
		DADC107C24BEE35800373294 /* Embed Watch Content */ = {
			isa = PBXCopyFilesBuildPhase;
			buildActionMask = 2147483647;
			dstPath = "$(CONTENTS_FOLDER_PATH)/Watch";
			dstSubfolderSpec = 16;
			files = (
				DADC104F24BEE35400373294 /* Demo-WatchOS WatchKit App.app in Embed Watch Content */,
			);
			name = "Embed Watch Content";
			runOnlyForDeploymentPostprocessing = 0;
		};
/* End PBXCopyFilesBuildPhase section */

/* Begin PBXFileReference section */
		DADC104A24BEE35400373294 /* Demo-WatchOS.app */ = {isa = PBXFileReference; explicitFileType = wrapper.application; includeInIndex = 0; path = "Demo-WatchOS.app"; sourceTree = BUILT_PRODUCTS_DIR; };
		DADC104E24BEE35400373294 /* Demo-WatchOS WatchKit App.app */ = {isa = PBXFileReference; explicitFileType = wrapper.application; includeInIndex = 0; path = "Demo-WatchOS WatchKit App.app"; sourceTree = BUILT_PRODUCTS_DIR; };
		DADC105424BEE35400373294 /* Base */ = {isa = PBXFileReference; lastKnownFileType = file.storyboard; name = Base; path = Base.lproj/Interface.storyboard; sourceTree = "<group>"; };
		DADC105624BEE35600373294 /* Assets.xcassets */ = {isa = PBXFileReference; lastKnownFileType = folder.assetcatalog; path = Assets.xcassets; sourceTree = "<group>"; };
		DADC105824BEE35600373294 /* Info.plist */ = {isa = PBXFileReference; lastKnownFileType = text.plist.xml; path = Info.plist; sourceTree = "<group>"; };
		DADC105D24BEE35700373294 /* Demo-WatchOS WatchKit Extension.appex */ = {isa = PBXFileReference; explicitFileType = "wrapper.app-extension"; includeInIndex = 0; path = "Demo-WatchOS WatchKit Extension.appex"; sourceTree = BUILT_PRODUCTS_DIR; };
		DADC106224BEE35700373294 /* ContentView.swift */ = {isa = PBXFileReference; lastKnownFileType = sourcecode.swift; path = ContentView.swift; sourceTree = "<group>"; };
		DADC106424BEE35700373294 /* HostingController.swift */ = {isa = PBXFileReference; lastKnownFileType = sourcecode.swift; path = HostingController.swift; sourceTree = "<group>"; };
		DADC106624BEE35700373294 /* ExtensionDelegate.swift */ = {isa = PBXFileReference; lastKnownFileType = sourcecode.swift; path = ExtensionDelegate.swift; sourceTree = "<group>"; };
		DADC106824BEE35700373294 /* NotificationController.swift */ = {isa = PBXFileReference; lastKnownFileType = sourcecode.swift; path = NotificationController.swift; sourceTree = "<group>"; };
		DADC106A24BEE35700373294 /* NotificationView.swift */ = {isa = PBXFileReference; lastKnownFileType = sourcecode.swift; path = NotificationView.swift; sourceTree = "<group>"; };
		DADC106C24BEE35800373294 /* Assets.xcassets */ = {isa = PBXFileReference; lastKnownFileType = folder.assetcatalog; path = Assets.xcassets; sourceTree = "<group>"; };
		DADC106F24BEE35800373294 /* Preview Assets.xcassets */ = {isa = PBXFileReference; lastKnownFileType = folder.assetcatalog; path = "Preview Assets.xcassets"; sourceTree = "<group>"; };
		DADC107124BEE35800373294 /* Info.plist */ = {isa = PBXFileReference; lastKnownFileType = text.plist.xml; path = Info.plist; sourceTree = "<group>"; };
		DADC107224BEE35800373294 /* PushNotificationPayload.apns */ = {isa = PBXFileReference; lastKnownFileType = text; path = PushNotificationPayload.apns; sourceTree = "<group>"; };
/* End PBXFileReference section */

/* Begin PBXFrameworksBuildPhase section */
		DADC105A24BEE35700373294 /* Frameworks */ = {
			isa = PBXFrameworksBuildPhase;
			buildActionMask = 2147483647;
			files = (
			);
			runOnlyForDeploymentPostprocessing = 0;
		};
/* End PBXFrameworksBuildPhase section */

/* Begin PBXGroup section */
		DADC104324BEE35400373294 = {
			isa = PBXGroup;
			children = (
				DADC105224BEE35400373294 /* Demo-WatchOS WatchKit App */,
				DADC106124BEE35700373294 /* Demo-WatchOS WatchKit Extension */,
				DADC104B24BEE35400373294 /* Products */,
			);
			sourceTree = "<group>";
		};
		DADC104B24BEE35400373294 /* Products */ = {
			isa = PBXGroup;
			children = (
				DADC104A24BEE35400373294 /* Demo-WatchOS.app */,
				DADC104E24BEE35400373294 /* Demo-WatchOS WatchKit App.app */,
				DADC105D24BEE35700373294 /* Demo-WatchOS WatchKit Extension.appex */,
			);
			name = Products;
			sourceTree = "<group>";
		};
		DADC105224BEE35400373294 /* Demo-WatchOS WatchKit App */ = {
			isa = PBXGroup;
			children = (
				DADC105324BEE35400373294 /* Interface.storyboard */,
				DADC105624BEE35600373294 /* Assets.xcassets */,
				DADC105824BEE35600373294 /* Info.plist */,
			);
			path = "Demo-WatchOS WatchKit App";
			sourceTree = "<group>";
		};
		DADC106124BEE35700373294 /* Demo-WatchOS WatchKit Extension */ = {
			isa = PBXGroup;
			children = (
				DADC106224BEE35700373294 /* ContentView.swift */,
				DADC106424BEE35700373294 /* HostingController.swift */,
				DADC106624BEE35700373294 /* ExtensionDelegate.swift */,
				DADC106824BEE35700373294 /* NotificationController.swift */,
				DADC106A24BEE35700373294 /* NotificationView.swift */,
				DADC106C24BEE35800373294 /* Assets.xcassets */,
				DADC107124BEE35800373294 /* Info.plist */,
				DADC107224BEE35800373294 /* PushNotificationPayload.apns */,
				DADC106E24BEE35800373294 /* Preview Content */,
			);
			path = "Demo-WatchOS WatchKit Extension";
			sourceTree = "<group>";
		};
		DADC106E24BEE35800373294 /* Preview Content */ = {
			isa = PBXGroup;
			children = (
				DADC106F24BEE35800373294 /* Preview Assets.xcassets */,
			);
			path = "Preview Content";
			sourceTree = "<group>";
		};
/* End PBXGroup section */

/* Begin PBXNativeTarget section */
		DADC104924BEE35400373294 /* Demo-WatchOS */ = {
			isa = PBXNativeTarget;
			buildConfigurationList = DADC107D24BEE35800373294 /* Build configuration list for PBXNativeTarget "Demo-WatchOS" */;
			buildPhases = (
				DADC104824BEE35400373294 /* Resources */,
				DADC107C24BEE35800373294 /* Embed Watch Content */,
			);
			buildRules = (
			);
			dependencies = (
				DADC105124BEE35400373294 /* PBXTargetDependency */,
			);
			name = "Demo-WatchOS";
			productName = "Demo-WatchOS";
			productReference = DADC104A24BEE35400373294 /* Demo-WatchOS.app */;
			productType = "com.apple.product-type.application.watchapp2-container";
		};
		DADC104D24BEE35400373294 /* Demo-WatchOS WatchKit App */ = {
			isa = PBXNativeTarget;
			buildConfigurationList = DADC107924BEE35800373294 /* Build configuration list for PBXNativeTarget "Demo-WatchOS WatchKit App" */;
			buildPhases = (
				DADC104C24BEE35400373294 /* Resources */,
				DADC107824BEE35800373294 /* Embed App Extensions */,
			);
			buildRules = (
			);
			dependencies = (
				DADC106024BEE35700373294 /* PBXTargetDependency */,
			);
			name = "Demo-WatchOS WatchKit App";
			productName = "Demo-WatchOS WatchKit App";
			productReference = DADC104E24BEE35400373294 /* Demo-WatchOS WatchKit App.app */;
			productType = "com.apple.product-type.application.watchapp2";
		};
		DADC105C24BEE35700373294 /* Demo-WatchOS WatchKit Extension */ = {
			isa = PBXNativeTarget;
			buildConfigurationList = DADC107524BEE35800373294 /* Build configuration list for PBXNativeTarget "Demo-WatchOS WatchKit Extension" */;
			buildPhases = (
				DADC105924BEE35700373294 /* Sources */,
				DADC105A24BEE35700373294 /* Frameworks */,
				DADC105B24BEE35700373294 /* Resources */,
			);
			buildRules = (
			);
			dependencies = (
			);
			name = "Demo-WatchOS WatchKit Extension";
			productName = "Demo-WatchOS WatchKit Extension";
			productReference = DADC105D24BEE35700373294 /* Demo-WatchOS WatchKit Extension.appex */;
			productType = "com.apple.product-type.watchkit2-extension";
		};
/* End PBXNativeTarget section */

/* Begin PBXProject section */
		DADC104424BEE35400373294 /* Project object */ = {
			isa = PBXProject;
			attributes = {
				LastSwiftUpdateCheck = 1150;
				LastUpgradeCheck = 1150;
				ORGANIZATIONNAME = "张力明";
				TargetAttributes = {
					DADC104924BEE35400373294 = {
						CreatedOnToolsVersion = 11.5;
					};
					DADC104D24BEE35400373294 = {
						CreatedOnToolsVersion = 11.5;
					};
					DADC105C24BEE35700373294 = {
						CreatedOnToolsVersion = 11.5;
					};
				};
			};
			buildConfigurationList = DADC104724BEE35400373294 /* Build configuration list for PBXProject "Demo-WatchOS" */;
			compatibilityVersion = "Xcode 9.3";
			developmentRegion = en;
			hasScannedForEncodings = 0;
			knownRegions = (
				en,
				Base,
			);
			mainGroup = DADC104324BEE35400373294;
			productRefGroup = DADC104B24BEE35400373294 /* Products */;
			projectDirPath = "";
			projectRoot = "";
			targets = (
				DADC104924BEE35400373294 /* Demo-WatchOS */,
				DADC104D24BEE35400373294 /* Demo-WatchOS WatchKit App */,
				DADC105C24BEE35700373294 /* Demo-WatchOS WatchKit Extension */,
			);
		};
/* End PBXProject section */

/* Begin PBXResourcesBuildPhase section */
		DADC104824BEE35400373294 /* Resources */ = {
			isa = PBXResourcesBuildPhase;
			buildActionMask = 2147483647;
			files = (
			);
			runOnlyForDeploymentPostprocessing = 0;
		};
		DADC104C24BEE35400373294 /* Resources */ = {
			isa = PBXResourcesBuildPhase;
			buildActionMask = 2147483647;
			files = (
				DADC105724BEE35600373294 /* Assets.xcassets in Resources */,
				DADC105524BEE35400373294 /* Interface.storyboard in Resources */,
			);
			runOnlyForDeploymentPostprocessing = 0;
		};
		DADC105B24BEE35700373294 /* Resources */ = {
			isa = PBXResourcesBuildPhase;
			buildActionMask = 2147483647;
			files = (
				DADC107024BEE35800373294 /* Preview Assets.xcassets in Resources */,
				DADC106D24BEE35800373294 /* Assets.xcassets in Resources */,
			);
			runOnlyForDeploymentPostprocessing = 0;
		};
/* End PBXResourcesBuildPhase section */

/* Begin PBXSourcesBuildPhase section */
		DADC105924BEE35700373294 /* Sources */ = {
			isa = PBXSourcesBuildPhase;
			buildActionMask = 2147483647;
			files = (
				DADC106524BEE35700373294 /* HostingController.swift in Sources */,
				DADC106324BEE35700373294 /* ContentView.swift in Sources */,
				DADC106924BEE35700373294 /* NotificationController.swift in Sources */,
				DADC106724BEE35700373294 /* ExtensionDelegate.swift in Sources */,
				DADC106B24BEE35700373294 /* NotificationView.swift in Sources */,
			);
			runOnlyForDeploymentPostprocessing = 0;
		};
/* End PBXSourcesBuildPhase section */

/* Begin PBXTargetDependency section */
		DADC105124BEE35400373294 /* PBXTargetDependency */ = {
			isa = PBXTargetDependency;
			target = DADC104D24BEE35400373294 /* Demo-WatchOS WatchKit App */;
			targetProxy = DADC105024BEE35400373294 /* PBXContainerItemProxy */;
		};
		DADC106024BEE35700373294 /* PBXTargetDependency */ = {
			isa = PBXTargetDependency;
			target = DADC105C24BEE35700373294 /* Demo-WatchOS WatchKit Extension */;
			targetProxy = DADC105F24BEE35700373294 /* PBXContainerItemProxy */;
		};
/* End PBXTargetDependency section */

/* Begin PBXVariantGroup section */
		DADC105324BEE35400373294 /* Interface.storyboard */ = {
			isa = PBXVariantGroup;
			children = (
				DADC105424BEE35400373294 /* Base */,
			);
			name = Interface.storyboard;
			sourceTree = "<group>";
		};
/* End PBXVariantGroup section */

/* Begin XCBuildConfiguration section */
		DADC107324BEE35800373294 /* Debug */ = {
			isa = XCBuildConfiguration;
			buildSettings = {
				ALWAYS_SEARCH_USER_PATHS = NO;
				CLANG_ANALYZER_NONNULL = YES;
				CLANG_ANALYZER_NUMBER_OBJECT_CONVERSION = YES_AGGRESSIVE;
				CLANG_CXX_LANGUAGE_STANDARD = "gnu++14";
				CLANG_CXX_LIBRARY = "libc++";
				CLANG_ENABLE_MODULES = YES;
				CLANG_ENABLE_OBJC_ARC = YES;
				CLANG_ENABLE_OBJC_WEAK = YES;
				CLANG_WARN_BLOCK_CAPTURE_AUTORELEASING = YES;
				CLANG_WARN_BOOL_CONVERSION = YES;
				CLANG_WARN_COMMA = YES;
				CLANG_WARN_CONSTANT_CONVERSION = YES;
				CLANG_WARN_DEPRECATED_OBJC_IMPLEMENTATIONS = YES;
				CLANG_WARN_DIRECT_OBJC_ISA_USAGE = YES_ERROR;
				CLANG_WARN_DOCUMENTATION_COMMENTS = YES;
				CLANG_WARN_EMPTY_BODY = YES;
				CLANG_WARN_ENUM_CONVERSION = YES;
				CLANG_WARN_INFINITE_RECURSION = YES;
				CLANG_WARN_INT_CONVERSION = YES;
				CLANG_WARN_NON_LITERAL_NULL_CONVERSION = YES;
				CLANG_WARN_OBJC_IMPLICIT_RETAIN_SELF = YES;
				CLANG_WARN_OBJC_LITERAL_CONVERSION = YES;
				CLANG_WARN_OBJC_ROOT_CLASS = YES_ERROR;
				CLANG_WARN_RANGE_LOOP_ANALYSIS = YES;
				CLANG_WARN_STRICT_PROTOTYPES = YES;
				CLANG_WARN_SUSPICIOUS_MOVE = YES;
				CLANG_WARN_UNGUARDED_AVAILABILITY = YES_AGGRESSIVE;
				CLANG_WARN_UNREACHABLE_CODE = YES;
				CLANG_WARN__DUPLICATE_METHOD_MATCH = YES;
				COPY_PHASE_STRIP = NO;
				DEBUG_INFORMATION_FORMAT = dwarf;
				ENABLE_STRICT_OBJC_MSGSEND = YES;
				ENABLE_TESTABILITY = YES;
				GCC_C_LANGUAGE_STANDARD = gnu11;
				GCC_DYNAMIC_NO_PIC = NO;
				GCC_NO_COMMON_BLOCKS = YES;
				GCC_OPTIMIZATION_LEVEL = 0;
				GCC_PREPROCESSOR_DEFINITIONS = (
					"DEBUG=1",
					"$(inherited)",
				);
				GCC_WARN_64_TO_32_BIT_CONVERSION = YES;
				GCC_WARN_ABOUT_RETURN_TYPE = YES_ERROR;
				GCC_WARN_UNDECLARED_SELECTOR = YES;
				GCC_WARN_UNINITIALIZED_AUTOS = YES_AGGRESSIVE;
				GCC_WARN_UNUSED_FUNCTION = YES;
				GCC_WARN_UNUSED_VARIABLE = YES;
				MTL_ENABLE_DEBUG_INFO = INCLUDE_SOURCE;
				MTL_FAST_MATH = YES;
				ONLY_ACTIVE_ARCH = YES;
				SDKROOT = iphoneos;
				SWIFT_ACTIVE_COMPILATION_CONDITIONS = DEBUG;
				SWIFT_OPTIMIZATION_LEVEL = "-Onone";
			};
			name = Debug;
		};
		DADC107424BEE35800373294 /* Release */ = {
			isa = XCBuildConfiguration;
			buildSettings = {
				ALWAYS_SEARCH_USER_PATHS = NO;
				CLANG_ANALYZER_NONNULL = YES;
				CLANG_ANALYZER_NUMBER_OBJECT_CONVERSION = YES_AGGRESSIVE;
				CLANG_CXX_LANGUAGE_STANDARD = "gnu++14";
				CLANG_CXX_LIBRARY = "libc++";
				CLANG_ENABLE_MODULES = YES;
				CLANG_ENABLE_OBJC_ARC = YES;
				CLANG_ENABLE_OBJC_WEAK = YES;
				CLANG_WARN_BLOCK_CAPTURE_AUTORELEASING = YES;
				CLANG_WARN_BOOL_CONVERSION = YES;
				CLANG_WARN_COMMA = YES;
				CLANG_WARN_CONSTANT_CONVERSION = YES;
				CLANG_WARN_DEPRECATED_OBJC_IMPLEMENTATIONS = YES;
				CLANG_WARN_DIRECT_OBJC_ISA_USAGE = YES_ERROR;
				CLANG_WARN_DOCUMENTATION_COMMENTS = YES;
				CLANG_WARN_EMPTY_BODY = YES;
				CLANG_WARN_ENUM_CONVERSION = YES;
				CLANG_WARN_INFINITE_RECURSION = YES;
				CLANG_WARN_INT_CONVERSION = YES;
				CLANG_WARN_NON_LITERAL_NULL_CONVERSION = YES;
				CLANG_WARN_OBJC_IMPLICIT_RETAIN_SELF = YES;
				CLANG_WARN_OBJC_LITERAL_CONVERSION = YES;
				CLANG_WARN_OBJC_ROOT_CLASS = YES_ERROR;
				CLANG_WARN_RANGE_LOOP_ANALYSIS = YES;
				CLANG_WARN_STRICT_PROTOTYPES = YES;
				CLANG_WARN_SUSPICIOUS_MOVE = YES;
				CLANG_WARN_UNGUARDED_AVAILABILITY = YES_AGGRESSIVE;
				CLANG_WARN_UNREACHABLE_CODE = YES;
				CLANG_WARN__DUPLICATE_METHOD_MATCH = YES;
				COPY_PHASE_STRIP = NO;
				DEBUG_INFORMATION_FORMAT = "dwarf-with-dsym";
				ENABLE_NS_ASSERTIONS = NO;
				ENABLE_STRICT_OBJC_MSGSEND = YES;
				GCC_C_LANGUAGE_STANDARD = gnu11;
				GCC_NO_COMMON_BLOCKS = YES;
				GCC_WARN_64_TO_32_BIT_CONVERSION = YES;
				GCC_WARN_ABOUT_RETURN_TYPE = YES_ERROR;
				GCC_WARN_UNDECLARED_SELECTOR = YES;
				GCC_WARN_UNINITIALIZED_AUTOS = YES_AGGRESSIVE;
				GCC_WARN_UNUSED_FUNCTION = YES;
				GCC_WARN_UNUSED_VARIABLE = YES;
				MTL_ENABLE_DEBUG_INFO = NO;
				MTL_FAST_MATH = YES;
				SDKROOT = iphoneos;
				SWIFT_COMPILATION_MODE = wholemodule;
				SWIFT_OPTIMIZATION_LEVEL = "-O";
				VALIDATE_PRODUCT = YES;
			};
			name = Release;
		};
		DADC107624BEE35800373294 /* Debug */ = {
			isa = XCBuildConfiguration;
			buildSettings = {
				ASSETCATALOG_COMPILER_COMPLICATION_NAME = Complication;
				CODE_SIGN_STYLE = Automatic;
				DEVELOPMENT_ASSET_PATHS = "\"Demo-WatchOS WatchKit Extension/Preview Content\"";
				DEVELOPMENT_TEAM = 9X3F3UD5EQ;
				ENABLE_PREVIEWS = YES;
				INFOPLIST_FILE = "Demo-WatchOS WatchKit Extension/Info.plist";
				LD_RUNPATH_SEARCH_PATHS = (
					"$(inherited)",
					"@executable_path/Frameworks",
					"@executable_path/../../Frameworks",
				);
				PRODUCT_BUNDLE_IDENTIFIER = "com.wrappers.Demo-WatchOS.watchkitapp.watchkitextension";
				PRODUCT_NAME = "${TARGET_NAME}";
				SDKROOT = watchos;
				SKIP_INSTALL = YES;
				SWIFT_VERSION = 5.0;
				TARGETED_DEVICE_FAMILY = 4;
				WATCHOS_DEPLOYMENT_TARGET = 6.2;
			};
			name = Debug;
		};
		DADC107724BEE35800373294 /* Release */ = {
			isa = XCBuildConfiguration;
			buildSettings = {
				ASSETCATALOG_COMPILER_COMPLICATION_NAME = Complication;
				CODE_SIGN_STYLE = Automatic;
				DEVELOPMENT_ASSET_PATHS = "\"Demo-WatchOS WatchKit Extension/Preview Content\"";
				DEVELOPMENT_TEAM = 9X3F3UD5EQ;
				ENABLE_PREVIEWS = YES;
				INFOPLIST_FILE = "Demo-WatchOS WatchKit Extension/Info.plist";
				LD_RUNPATH_SEARCH_PATHS = (
					"$(inherited)",
					"@executable_path/Frameworks",
					"@executable_path/../../Frameworks",
				);
				PRODUCT_BUNDLE_IDENTIFIER = "com.wrappers.Demo-WatchOS.watchkitapp.watchkitextension";
				PRODUCT_NAME = "${TARGET_NAME}";
				SDKROOT = watchos;
				SKIP_INSTALL = YES;
				SWIFT_VERSION = 5.0;
				TARGETED_DEVICE_FAMILY = 4;
				WATCHOS_DEPLOYMENT_TARGET = 6.2;
			};
			name = Release;
		};
		DADC107A24BEE35800373294 /* Debug */ = {
			isa = XCBuildConfiguration;
			buildSettings = {
				ALWAYS_EMBED_SWIFT_STANDARD_LIBRARIES = YES;
				ASSETCATALOG_COMPILER_APPICON_NAME = AppIcon;
				CODE_SIGN_STYLE = Automatic;
				DEVELOPMENT_TEAM = 9X3F3UD5EQ;
				IBSC_MODULE = Demo_WatchOS_WatchKit_Extension;
				INFOPLIST_FILE = "Demo-WatchOS WatchKit App/Info.plist";
				PRODUCT_BUNDLE_IDENTIFIER = "com.wrappers.Demo-WatchOS.watchkitapp";
				PRODUCT_NAME = "$(TARGET_NAME)";
				SDKROOT = watchos;
				SKIP_INSTALL = YES;
				SWIFT_VERSION = 5.0;
				TARGETED_DEVICE_FAMILY = 4;
				WATCHOS_DEPLOYMENT_TARGET = 6.2;
			};
			name = Debug;
		};
		DADC107B24BEE35800373294 /* Release */ = {
			isa = XCBuildConfiguration;
			buildSettings = {
				ALWAYS_EMBED_SWIFT_STANDARD_LIBRARIES = YES;
				ASSETCATALOG_COMPILER_APPICON_NAME = AppIcon;
				CODE_SIGN_STYLE = Automatic;
				DEVELOPMENT_TEAM = 9X3F3UD5EQ;
				IBSC_MODULE = Demo_WatchOS_WatchKit_Extension;
				INFOPLIST_FILE = "Demo-WatchOS WatchKit App/Info.plist";
				PRODUCT_BUNDLE_IDENTIFIER = "com.wrappers.Demo-WatchOS.watchkitapp";
				PRODUCT_NAME = "$(TARGET_NAME)";
				SDKROOT = watchos;
				SKIP_INSTALL = YES;
				SWIFT_VERSION = 5.0;
				TARGETED_DEVICE_FAMILY = 4;
				WATCHOS_DEPLOYMENT_TARGET = 6.2;
			};
			name = Release;
		};
		DADC107E24BEE35800373294 /* Debug */ = {
			isa = XCBuildConfiguration;
			buildSettings = {
				CODE_SIGN_STYLE = Automatic;
				CURRENT_PROJECT_VERSION = 1;
				DEVELOPMENT_TEAM = 9X3F3UD5EQ;
				MARKETING_VERSION = 1.0;
				PRODUCT_BUNDLE_IDENTIFIER = "com.wrappers.Demo-WatchOS";
				PRODUCT_NAME = "$(TARGET_NAME)";
				SWIFT_VERSION = 5.0;
			};
			name = Debug;
		};
		DADC107F24BEE35800373294 /* Release */ = {
			isa = XCBuildConfiguration;
			buildSettings = {
				CODE_SIGN_STYLE = Automatic;
				CURRENT_PROJECT_VERSION = 1;
				DEVELOPMENT_TEAM = 9X3F3UD5EQ;
				MARKETING_VERSION = 1.0;
				PRODUCT_BUNDLE_IDENTIFIER = "com.wrappers.Demo-WatchOS";
				PRODUCT_NAME = "$(TARGET_NAME)";
				SWIFT_VERSION = 5.0;
			};
			name = Release;
		};
/* End XCBuildConfiguration section */

/* Begin XCConfigurationList section */
		DADC104724BEE35400373294 /* Build configuration list for PBXProject "Demo-WatchOS" */ = {
			isa = XCConfigurationList;
			buildConfigurations = (
				DADC107324BEE35800373294 /* Debug */,
				DADC107424BEE35800373294 /* Release */,
			);
			defaultConfigurationIsVisible = 0;
			defaultConfigurationName = Release;
		};
		DADC107524BEE35800373294 /* Build configuration list for PBXNativeTarget "Demo-WatchOS WatchKit Extension" */ = {
			isa = XCConfigurationList;
			buildConfigurations = (
				DADC107624BEE35800373294 /* Debug */,
				DADC107724BEE35800373294 /* Release */,
			);
			defaultConfigurationIsVisible = 0;
			defaultConfigurationName = Release;
		};
		DADC107924BEE35800373294 /* Build configuration list for PBXNativeTarget "Demo-WatchOS WatchKit App" */ = {
			isa = XCConfigurationList;
			buildConfigurations = (
				DADC107A24BEE35800373294 /* Debug */,
				DADC107B24BEE35800373294 /* Release */,
			);
			defaultConfigurationIsVisible = 0;
			defaultConfigurationName = Release;
		};
		DADC107D24BEE35800373294 /* Build configuration list for PBXNativeTarget "Demo-WatchOS" */ = {
			isa = XCConfigurationList;
			buildConfigurations = (
				DADC107E24BEE35800373294 /* Debug */,
				DADC107F24BEE35800373294 /* Release */,
			);
			defaultConfigurationIsVisible = 0;
			defaultConfigurationName = Release;
		};
/* End XCConfigurationList section */
	};
	rootObject = DADC104424BEE35400373294 /* Project object */;
}
